{
  "originHash" : "e581a7c5ff9f74a549946e9545b3a62e391a93d18c41d5f5337323d38afcf8b1",
  "pins" : [
    {
      "identity" : "lottie-ios",
      "kind" : "remoteSourceControl",
      "location" : "https://github.com/airbnb/lottie-ios",
      "state" : {
        "revision" : "b4bd0604ded9574807f41b4004b57dd1226a30a4",
        "version" : "3.5.0"
      }
    },
    {
      "identity" : "swiftmessages",
      "kind" : "remoteSourceControl",
      "location" : "https://github.com/SwiftKickMobile/SwiftMessages",
      "state" : {
        "revision" : "62e12e138fc3eedf88c7553dd5d98712aa119f40",
        "version" : "9.0.9"
      }
    }
  ],
  "version" : 3
}
